
Microsoft Visual Studio Solution File, Format Version 12.00
# Visual Studio Version 17
VisualStudioVersion = 17.1.31911.260
MinimumVisualStudioVersion = 10.0.40219.1
Project("{FAE04EC0-301F-11D3-BF4B-00C04F79EFBC}") = "AOC2021.cs", "AOC2021.cs\AOC2021.cs.csproj", "{C2C19A16-7DFC-4C27-9601-CDD56C5B1F1A}"
EndProject
Project("{9092AA53-FB77-4645-B42D-1CCCA6BD08BD}") = "AOC2021.js", "AOC2021.js\AOC2021.js.njsproj", "{D982ECE8-C777-40DD-83D0-FA4DC4F8B350}"
EndProject
Project("{8BC9CEB8-8B4A-11D0-8D11-00A0C91BC942}") = "AOC2021.cpp", "AOC2021.cpp\AOC2021.cpp.vcxproj", "{0A40EF50-BAC7-4CAB-BD02-82D3121A803D}"
EndProject
Global
	GlobalSection(SolutionConfigurationPlatforms) = preSolution
		Debug|Any CPU = Debug|Any CPU
		Debug|x64 = Debug|x64
		Debug|x86 = Debug|x86
		Release|Any CPU = Release|Any CPU
		Release|x64 = Release|x64
		Release|x86 = Release|x86
	EndGlobalSection
	GlobalSection(ProjectConfigurationPlatforms) = postSolution
		{C2C19A16-7DFC-4C27-9601-CDD56C5B1F1A}.Debug|Any CPU.ActiveCfg = Debug|Any CPU
		{C2C19A16-7DFC-4C27-9601-CDD56C5B1F1A}.Debug|Any CPU.Build.0 = Debug|Any CPU
		{C2C19A16-7DFC-4C27-9601-CDD56C5B1F1A}.Debug|x64.ActiveCfg = Debug|Any CPU
		{C2C19A16-7DFC-4C27-9601-CDD56C5B1F1A}.Debug|x64.Build.0 = Debug|Any CPU
		{C2C19A16-7DFC-4C27-9601-CDD56C5B1F1A}.Debug|x86.ActiveCfg = Debug|Any CPU
		{C2C19A16-7DFC-4C27-9601-CDD56C5B1F1A}.Debug|x86.Build.0 = Debug|Any CPU
		{C2C19A16-7DFC-4C27-9601-CDD56C5B1F1A}.Release|Any CPU.ActiveCfg = Release|Any CPU
		{C2C19A16-7DFC-4C27-9601-CDD56C5B1F1A}.Release|Any CPU.Build.0 = Release|Any CPU
		{C2C19A16-7DFC-4C27-9601-CDD56C5B1F1A}.Release|x64.ActiveCfg = Release|Any CPU
		{C2C19A16-7DFC-4C27-9601-CDD56C5B1F1A}.Release|x64.Build.0 = Release|Any CPU
		{C2C19A16-7DFC-4C27-9601-CDD56C5B1F1A}.Release|x86.ActiveCfg = Release|Any CPU
		{C2C19A16-7DFC-4C27-9601-CDD56C5B1F1A}.Release|x86.Build.0 = Release|Any CPU
		{D982ECE8-C777-40DD-83D0-FA4DC4F8B350}.Debug|Any CPU.ActiveCfg = Debug|Any CPU
		{D982ECE8-C777-40DD-83D0-FA4DC4F8B350}.Debug|Any CPU.Build.0 = Debug|Any CPU
		{D982ECE8-C777-40DD-83D0-FA4DC4F8B350}.Debug|x64.ActiveCfg = Debug|Any CPU
		{D982ECE8-C777-40DD-83D0-FA4DC4F8B350}.Debug|x64.Build.0 = Debug|Any CPU
		{D982ECE8-C777-40DD-83D0-FA4DC4F8B350}.Debug|x86.ActiveCfg = Debug|Any CPU
		{D982ECE8-C777-40DD-83D0-FA4DC4F8B350}.Debug|x86.Build.0 = Debug|Any CPU
		{D982ECE8-C777-40DD-83D0-FA4DC4F8B350}.Release|Any CPU.ActiveCfg = Release|Any CPU
		{D982ECE8-C777-40DD-83D0-FA4DC4F8B350}.Release|Any CPU.Build.0 = Release|Any CPU
		{D982ECE8-C777-40DD-83D0-FA4DC4F8B350}.Release|x64.ActiveCfg = Release|Any CPU
		{D982ECE8-C777-40DD-83D0-FA4DC4F8B350}.Release|x64.Build.0 = Release|Any CPU
		{D982ECE8-C777-40DD-83D0-FA4DC4F8B350}.Release|x86.ActiveCfg = Release|Any CPU
		{D982ECE8-C777-40DD-83D0-FA4DC4F8B350}.Release|x86.Build.0 = Release|Any CPU
		{0A40EF50-BAC7-4CAB-BD02-82D3121A803D}.Debug|Any CPU.ActiveCfg = Debug|x64
		{0A40EF50-BAC7-4CAB-BD02-82D3121A803D}.Debug|Any CPU.Build.0 = Debug|x64
		{0A40EF50-BAC7-4CAB-BD02-82D3121A803D}.Debug|x64.ActiveCfg = Debug|x64
		{0A40EF50-BAC7-4CAB-BD02-82D3121A803D}.Debug|x64.Build.0 = Debug|x64
		{0A40EF50-BAC7-4CAB-BD02-82D3121A803D}.Debug|x86.ActiveCfg = Debug|Win32
		{0A40EF50-BAC7-4CAB-BD02-82D3121A803D}.Debug|x86.Build.0 = Debug|Win32
		{0A40EF50-BAC7-4CAB-BD02-82D3121A803D}.Release|Any CPU.ActiveCfg = Release|x64
		{0A40EF50-BAC7-4CAB-BD02-82D3121A803D}.Release|Any CPU.Build.0 = Release|x64
		{0A40EF50-BAC7-4CAB-BD02-82D3121A803D}.Release|x64.ActiveCfg = Release|x64
		{0A40EF50-BAC7-4CAB-BD02-82D3121A803D}.Release|x64.Build.0 = Release|x64
		{0A40EF50-BAC7-4CAB-BD02-82D3121A803D}.Release|x86.ActiveCfg = Release|Win32
		{0A40EF50-BAC7-4CAB-BD02-82D3121A803D}.Release|x86.Build.0 = Release|Win32
	EndGlobalSection
	GlobalSection(SolutionProperties) = preSolution
		HideSolutionNode = FALSE
	EndGlobalSection
	GlobalSection(ExtensibilityGlobals) = postSolution
		SolutionGuid = {B70EE4F8-8F4E-4103-9D71-F5B3B1B444EB}
	EndGlobalSection
EndGlobal
